// !$*UTF8*$!
{
	archiveVersion = 1;
	classes = {
	};
	objectVersion = 55;
	objects = {

/* Begin PBXBuildFile section */
		1E6641714E1B8C5E9BF5F4B8 /* Pods_EventMaker.framework in Frameworks */ = {isa = PBXBuildFile; fileRef = 4149E78726C2B77FD8352538 /* Pods_EventMaker.framework */; };
		EA4B617027FE34CC00810893 /* SignInProtocols.swift in Sources */ = {isa = PBXBuildFile; fileRef = EA4B616F27FE34CC00810893 /* SignInProtocols.swift */; };
		EA4B617227FE34E600810893 /* SignInPresenter.swift in Sources */ = {isa = PBXBuildFile; fileRef = EA4B617127FE34E600810893 /* SignInPresenter.swift */; };
		EA4B617527FF875600810893 /* Keys.swift in Sources */ = {isa = PBXBuildFile; fileRef = EA4B617427FF875600810893 /* Keys.swift */; };
		EA4B617827FF879A00810893 /* AuthModels.swift in Sources */ = {isa = PBXBuildFile; fileRef = EA4B617727FF879A00810893 /* AuthModels.swift */; };
		EA4B617A27FF87BA00810893 /* AuthService.swift in Sources */ = {isa = PBXBuildFile; fileRef = EA4B617927FF87BA00810893 /* AuthService.swift */; };
		EA4B617C27FF87ED00810893 /* AuthServiceApi.swift in Sources */ = {isa = PBXBuildFile; fileRef = EA4B617B27FF87ED00810893 /* AuthServiceApi.swift */; };
		EA4B617E27FF883100810893 /* URLPath.swift in Sources */ = {isa = PBXBuildFile; fileRef = EA4B617D27FF883100810893 /* URLPath.swift */; };
		EA4B618027FF888D00810893 /* SignInController.swift in Sources */ = {isa = PBXBuildFile; fileRef = EA4B617F27FF888D00810893 /* SignInController.swift */; };
		EA4B618427FF892800810893 /* SignInView.swift in Sources */ = {isa = PBXBuildFile; fileRef = EA4B618227FF892800810893 /* SignInView.swift */; };
		EA4B618527FF892800810893 /* SignInView.xib in Resources */ = {isa = PBXBuildFile; fileRef = EA4B618327FF892800810893 /* SignInView.xib */; };
		EA4B618727FF898700810893 /* MDTextField.swift in Sources */ = {isa = PBXBuildFile; fileRef = EA4B618627FF898700810893 /* MDTextField.swift */; };
		EA77165E281080BB0050B972 /* swiftgen.yml in Resources */ = {isa = PBXBuildFile; fileRef = EA77165D281080BB0050B972 /* swiftgen.yml */; };
		EA7716662810826A0050B972 /* Assets.swift in Sources */ = {isa = PBXBuildFile; fileRef = EA7716652810826A0050B972 /* Assets.swift */; };
		EA77166B281086510050B972 /* Localizable.strings in Resources */ = {isa = PBXBuildFile; fileRef = EA77166D281086510050B972 /* Localizable.strings */; };
		EA771672281086680050B972 /* OnboardingModel.swift in Sources */ = {isa = PBXBuildFile; fileRef = EA771671281086680050B972 /* OnboardingModel.swift */; };
		EA771675281086680050B972 /* SlidesDataSource.swift in Sources */ = {isa = PBXBuildFile; fileRef = EA771674281086680050B972 /* SlidesDataSource.swift */; };
		EA771677281086680050B972 /* OnboardingView.swift in Sources */ = {isa = PBXBuildFile; fileRef = EA771676281086680050B972 /* OnboardingView.swift */; };
		EA77167A281086680050B972 /* SlideCell.swift in Sources */ = {isa = PBXBuildFile; fileRef = EA771679281086680050B972 /* SlideCell.swift */; };
		EA77167D281086680050B972 /* StartProtocols.swift in Sources */ = {isa = PBXBuildFile; fileRef = EA77167C281086680050B972 /* StartProtocols.swift */; };
		EA77167F281086680050B972 /* StartPresenter.swift in Sources */ = {isa = PBXBuildFile; fileRef = EA77167E281086680050B972 /* StartPresenter.swift */; };
		EA771681281086680050B972 /* StartController.swift in Sources */ = {isa = PBXBuildFile; fileRef = EA771680281086680050B972 /* StartController.swift */; };
		EA771684281086680050B972 /* StartView.swift in Sources */ = {isa = PBXBuildFile; fileRef = EA771683281086680050B972 /* StartView.swift */; };
		EA771686281086680050B972 /* Grid.swift in Sources */ = {isa = PBXBuildFile; fileRef = EA771685281086680050B972 /* Grid.swift */; };
		EA771688281086680050B972 /* StyleUtils.swift in Sources */ = {isa = PBXBuildFile; fileRef = EA771687281086680050B972 /* StyleUtils.swift */; };
		EA77168B281086680050B972 /* ButtonSignInWithEmail.swift in Sources */ = {isa = PBXBuildFile; fileRef = EA77168A281086680050B972 /* ButtonSignInWithEmail.swift */; };
		EA77168D281086680050B972 /* ButtonSignIn.swift in Sources */ = {isa = PBXBuildFile; fileRef = EA77168C281086680050B972 /* ButtonSignIn.swift */; };
		EA77168F281086680050B972 /* Text.swift in Sources */ = {isa = PBXBuildFile; fileRef = EA77168E281086680050B972 /* Text.swift */; };
		EA771691281086680050B972 /* ButtonSecondary.swift in Sources */ = {isa = PBXBuildFile; fileRef = EA771690281086680050B972 /* ButtonSecondary.swift */; };
		EA771693281086680050B972 /* ButtonDefault.swift in Sources */ = {isa = PBXBuildFile; fileRef = EA771692281086680050B972 /* ButtonDefault.swift */; };
		EAC1207627F4209F00D239A8 /* AppDelegate.swift in Sources */ = {isa = PBXBuildFile; fileRef = EAC1207527F4209F00D239A8 /* AppDelegate.swift */; };
		EAC1207A27F4209F00D239A8 /* OnboardingController.swift in Sources */ = {isa = PBXBuildFile; fileRef = EAC1207927F4209F00D239A8 /* OnboardingController.swift */; };
		EAC1207F27F420A100D239A8 /* Assets.xcassets in Resources */ = {isa = PBXBuildFile; fileRef = EAC1207E27F420A100D239A8 /* Assets.xcassets */; };
		EAC1208227F420A100D239A8 /* LaunchScreen.storyboard in Resources */ = {isa = PBXBuildFile; fileRef = EAC1208027F420A100D239A8 /* LaunchScreen.storyboard */; };
/* End PBXBuildFile section */

/* Begin PBXFileReference section */
		4149E78726C2B77FD8352538 /* Pods_EventMaker.framework */ = {isa = PBXFileReference; explicitFileType = wrapper.framework; includeInIndex = 0; path = Pods_EventMaker.framework; sourceTree = BUILT_PRODUCTS_DIR; };
		CE58282FEE94EA4E5C9AFC9F /* Pods-EventMaker.release.xcconfig */ = {isa = PBXFileReference; includeInIndex = 1; lastKnownFileType = text.xcconfig; name = "Pods-EventMaker.release.xcconfig"; path = "Target Support Files/Pods-EventMaker/Pods-EventMaker.release.xcconfig"; sourceTree = "<group>"; };
		EA4B616F27FE34CC00810893 /* SignInProtocols.swift */ = {isa = PBXFileReference; lastKnownFileType = sourcecode.swift; path = SignInProtocols.swift; sourceTree = "<group>"; };
		EA4B617127FE34E600810893 /* SignInPresenter.swift */ = {isa = PBXFileReference; lastKnownFileType = sourcecode.swift; path = SignInPresenter.swift; sourceTree = "<group>"; };
		EA4B617427FF875600810893 /* Keys.swift */ = {isa = PBXFileReference; lastKnownFileType = sourcecode.swift; path = Keys.swift; sourceTree = "<group>"; };
		EA4B617727FF879A00810893 /* AuthModels.swift */ = {isa = PBXFileReference; lastKnownFileType = sourcecode.swift; path = AuthModels.swift; sourceTree = "<group>"; };
		EA4B617927FF87BA00810893 /* AuthService.swift */ = {isa = PBXFileReference; lastKnownFileType = sourcecode.swift; path = AuthService.swift; sourceTree = "<group>"; };
		EA4B617B27FF87ED00810893 /* AuthServiceApi.swift */ = {isa = PBXFileReference; lastKnownFileType = sourcecode.swift; path = AuthServiceApi.swift; sourceTree = "<group>"; };
		EA4B617D27FF883100810893 /* URLPath.swift */ = {isa = PBXFileReference; lastKnownFileType = sourcecode.swift; path = URLPath.swift; sourceTree = "<group>"; };
		EA4B617F27FF888D00810893 /* SignInController.swift */ = {isa = PBXFileReference; lastKnownFileType = sourcecode.swift; path = SignInController.swift; sourceTree = "<group>"; };
		EA4B618227FF892800810893 /* SignInView.swift */ = {isa = PBXFileReference; fileEncoding = 4; lastKnownFileType = sourcecode.swift; path = SignInView.swift; sourceTree = "<group>"; };
		EA4B618327FF892800810893 /* SignInView.xib */ = {isa = PBXFileReference; fileEncoding = 4; lastKnownFileType = file.xib; path = SignInView.xib; sourceTree = "<group>"; };
		EA4B618627FF898700810893 /* MDTextField.swift */ = {isa = PBXFileReference; lastKnownFileType = sourcecode.swift; path = MDTextField.swift; sourceTree = "<group>"; };
		EA77165D281080BB0050B972 /* swiftgen.yml */ = {isa = PBXFileReference; fileEncoding = 4; lastKnownFileType = text.yaml; path = swiftgen.yml; sourceTree = "<group>"; };
		EA7716652810826A0050B972 /* Assets.swift */ = {isa = PBXFileReference; fileEncoding = 4; lastKnownFileType = sourcecode.swift; path = Assets.swift; sourceTree = "<group>"; };
		EA77166C281086510050B972 /* en */ = {isa = PBXFileReference; lastKnownFileType = text.plist.strings; name = en; path = en.lproj/Localizable.strings; sourceTree = "<group>"; };
		EA77166E281086680050B972 /* ru */ = {isa = PBXFileReference; lastKnownFileType = text.plist.strings; name = ru; path = ru.lproj/LaunchScreen.strings; sourceTree = "<group>"; };
		EA77166F281086680050B972 /* ru */ = {isa = PBXFileReference; lastKnownFileType = text.plist.strings; name = ru; path = ru.lproj/Localizable.strings; sourceTree = "<group>"; };
		EA771671281086680050B972 /* OnboardingModel.swift */ = {isa = PBXFileReference; lastKnownFileType = sourcecode.swift; path = OnboardingModel.swift; sourceTree = "<group>"; };
		EA771674281086680050B972 /* SlidesDataSource.swift */ = {isa = PBXFileReference; lastKnownFileType = sourcecode.swift; path = SlidesDataSource.swift; sourceTree = "<group>"; };
		EA771676281086680050B972 /* OnboardingView.swift */ = {isa = PBXFileReference; lastKnownFileType = sourcecode.swift; path = OnboardingView.swift; sourceTree = "<group>"; };
		EA771679281086680050B972 /* SlideCell.swift */ = {isa = PBXFileReference; lastKnownFileType = sourcecode.swift; path = SlideCell.swift; sourceTree = "<group>"; };
		EA77167C281086680050B972 /* StartProtocols.swift */ = {isa = PBXFileReference; lastKnownFileType = sourcecode.swift; path = StartProtocols.swift; sourceTree = "<group>"; };
		EA77167E281086680050B972 /* StartPresenter.swift */ = {isa = PBXFileReference; lastKnownFileType = sourcecode.swift; path = StartPresenter.swift; sourceTree = "<group>"; };
		EA771680281086680050B972 /* StartController.swift */ = {isa = PBXFileReference; lastKnownFileType = sourcecode.swift; path = StartController.swift; sourceTree = "<group>"; };
		EA771683281086680050B972 /* StartView.swift */ = {isa = PBXFileReference; lastKnownFileType = sourcecode.swift; path = StartView.swift; sourceTree = "<group>"; };
		EA771685281086680050B972 /* Grid.swift */ = {isa = PBXFileReference; lastKnownFileType = sourcecode.swift; path = Grid.swift; sourceTree = "<group>"; };
		EA771687281086680050B972 /* StyleUtils.swift */ = {isa = PBXFileReference; lastKnownFileType = sourcecode.swift; path = StyleUtils.swift; sourceTree = "<group>"; };
		EA77168A281086680050B972 /* ButtonSignInWithEmail.swift */ = {isa = PBXFileReference; lastKnownFileType = sourcecode.swift; path = ButtonSignInWithEmail.swift; sourceTree = "<group>"; };
		EA77168C281086680050B972 /* ButtonSignIn.swift */ = {isa = PBXFileReference; lastKnownFileType = sourcecode.swift; path = ButtonSignIn.swift; sourceTree = "<group>"; };
		EA77168E281086680050B972 /* Text.swift */ = {isa = PBXFileReference; lastKnownFileType = sourcecode.swift; path = Text.swift; sourceTree = "<group>"; };
		EA771690281086680050B972 /* ButtonSecondary.swift */ = {isa = PBXFileReference; lastKnownFileType = sourcecode.swift; path = ButtonSecondary.swift; sourceTree = "<group>"; };
		EA771692281086680050B972 /* ButtonDefault.swift */ = {isa = PBXFileReference; lastKnownFileType = sourcecode.swift; path = ButtonDefault.swift; sourceTree = "<group>"; };
		EAC1207227F4209F00D239A8 /* EventMaker.app */ = {isa = PBXFileReference; explicitFileType = wrapper.application; includeInIndex = 0; path = EventMaker.app; sourceTree = BUILT_PRODUCTS_DIR; };
		EAC1207527F4209F00D239A8 /* AppDelegate.swift */ = {isa = PBXFileReference; lastKnownFileType = sourcecode.swift; path = AppDelegate.swift; sourceTree = "<group>"; };
		EAC1207927F4209F00D239A8 /* OnboardingController.swift */ = {isa = PBXFileReference; lastKnownFileType = sourcecode.swift; path = OnboardingController.swift; sourceTree = "<group>"; };
		EAC1207E27F420A100D239A8 /* Assets.xcassets */ = {isa = PBXFileReference; lastKnownFileType = folder.assetcatalog; path = Assets.xcassets; sourceTree = "<group>"; };
		EAC1208127F420A100D239A8 /* Base */ = {isa = PBXFileReference; lastKnownFileType = file.storyboard; name = Base; path = Base.lproj/LaunchScreen.storyboard; sourceTree = "<group>"; };
		EAC1208327F420A100D239A8 /* Info.plist */ = {isa = PBXFileReference; lastKnownFileType = text.plist.xml; path = Info.plist; sourceTree = "<group>"; };
		F3D14608019A6045D9AA9E64 /* Pods-EventMaker.debug.xcconfig */ = {isa = PBXFileReference; includeInIndex = 1; lastKnownFileType = text.xcconfig; name = "Pods-EventMaker.debug.xcconfig"; path = "Target Support Files/Pods-EventMaker/Pods-EventMaker.debug.xcconfig"; sourceTree = "<group>"; };
/* End PBXFileReference section */

/* Begin PBXFrameworksBuildPhase section */
		EAC1206F27F4209F00D239A8 /* Frameworks */ = {
			isa = PBXFrameworksBuildPhase;
			buildActionMask = 2147483647;
			files = (
				1E6641714E1B8C5E9BF5F4B8 /* Pods_EventMaker.framework in Frameworks */,
			);
			runOnlyForDeploymentPostprocessing = 0;
		};
/* End PBXFrameworksBuildPhase section */

/* Begin PBXGroup section */
		4FC7768310FDB09C0A7F5877 /* Frameworks */ = {
			isa = PBXGroup;
			children = (
				4149E78726C2B77FD8352538 /* Pods_EventMaker.framework */,
			);
			name = Frameworks;
			sourceTree = "<group>";
		};
		72BA7980988E0A67DC615812 /* Pods */ = {
			isa = PBXGroup;
			children = (
				F3D14608019A6045D9AA9E64 /* Pods-EventMaker.debug.xcconfig */,
				CE58282FEE94EA4E5C9AFC9F /* Pods-EventMaker.release.xcconfig */,
			);
			path = Pods;
			sourceTree = "<group>";
		};
		EA4B616E27FE34B100810893 /* SignInController */ = {
			isa = PBXGroup;
			children = (
				EA4B616F27FE34CC00810893 /* SignInProtocols.swift */,
				EA4B617127FE34E600810893 /* SignInPresenter.swift */,
				EA4B617F27FF888D00810893 /* SignInController.swift */,
				EA4B618127FF88D900810893 /* View */,
			);
			path = SignInController;
			sourceTree = "<group>";
		};
		EA4B617327FE351400810893 /* Authentication */ = {
			isa = PBXGroup;
			children = (
				EA4B617427FF875600810893 /* Keys.swift */,
				EA771670281086680050B972 /* OndoardingController */,
				EA77167B281086680050B972 /* StartController */,
				EA4B616E27FE34B100810893 /* SignInController */,
			);
			path = Authentication;
			sourceTree = "<group>";
		};
		EA4B617627FF877F00810893 /* AuthService */ = {
			isa = PBXGroup;
			children = (
				EA4B617727FF879A00810893 /* AuthModels.swift */,
				EA4B617927FF87BA00810893 /* AuthService.swift */,
				EA4B617B27FF87ED00810893 /* AuthServiceApi.swift */,
			);
			path = AuthService;
			sourceTree = "<group>";
		};
		EA4B618127FF88D900810893 /* View */ = {
			isa = PBXGroup;
			children = (
				EA4B618227FF892800810893 /* SignInView.swift */,
				EA4B618327FF892800810893 /* SignInView.xib */,
			);
			path = View;
			sourceTree = "<group>";
		};
		EA77165F281081980050B972 /* Generated */ = {
			isa = PBXGroup;
			children = (
				EA7716652810826A0050B972 /* Assets.swift */,
				EA77168E281086680050B972 /* Text.swift */,
			);
			path = Generated;
			sourceTree = "<group>";
		};
		EA771670281086680050B972 /* OndoardingController */ = {
			isa = PBXGroup;
			children = (
				EA771671281086680050B972 /* OnboardingModel.swift */,
				EAC1207927F4209F00D239A8 /* OnboardingController.swift */,
				EA771673281086680050B972 /* View */,
				EA771678281086680050B972 /* Cell */,
			);
			path = OndoardingController;
			sourceTree = "<group>";
		};
		EA771673281086680050B972 /* View */ = {
			isa = PBXGroup;
			children = (
				EA771674281086680050B972 /* SlidesDataSource.swift */,
				EA771676281086680050B972 /* OnboardingView.swift */,
			);
			path = View;
			sourceTree = "<group>";
		};
		EA771678281086680050B972 /* Cell */ = {
			isa = PBXGroup;
			children = (
				EA771679281086680050B972 /* SlideCell.swift */,
			);
			path = Cell;
			sourceTree = "<group>";
		};
		EA77167B281086680050B972 /* StartController */ = {
			isa = PBXGroup;
			children = (
				EA77167C281086680050B972 /* StartProtocols.swift */,
				EA77167E281086680050B972 /* StartPresenter.swift */,
				EA771680281086680050B972 /* StartController.swift */,
				EA771682281086680050B972 /* View */,
			);
			path = StartController;
			sourceTree = "<group>";
		};
		EA771682281086680050B972 /* View */ = {
			isa = PBXGroup;
			children = (
				EA771683281086680050B972 /* StartView.swift */,
			);
			path = View;
			sourceTree = "<group>";
		};
		EA771689281086680050B972 /* Buttons */ = {
			isa = PBXGroup;
			children = (
				EA77168A281086680050B972 /* ButtonSignInWithEmail.swift */,
				EA77168C281086680050B972 /* ButtonSignIn.swift */,
				EA771690281086680050B972 /* ButtonSecondary.swift */,
				EA771692281086680050B972 /* ButtonDefault.swift */,
			);
			path = Buttons;
			sourceTree = "<group>";
		};
		EAC1206927F4209F00D239A8 = {
			isa = PBXGroup;
			children = (
				EA77165D281080BB0050B972 /* swiftgen.yml */,
				EAC1207427F4209F00D239A8 /* EventMaker */,
				EAC1207327F4209F00D239A8 /* Products */,
				72BA7980988E0A67DC615812 /* Pods */,
				4FC7768310FDB09C0A7F5877 /* Frameworks */,
			);
			sourceTree = "<group>";
		};
		EAC1207327F4209F00D239A8 /* Products */ = {
			isa = PBXGroup;
			children = (
				EAC1207227F4209F00D239A8 /* EventMaker.app */,
			);
			name = Products;
			sourceTree = "<group>";
		};
		EAC1207427F4209F00D239A8 /* EventMaker */ = {
			isa = PBXGroup;
			children = (
				EAC1208327F420A100D239A8 /* Info.plist */,
				EAC1208927F423EB00D239A8 /* Common */,
				EAC1208A27F423FA00D239A8 /* MainFiles */,
				EAC1208B27F4242600D239A8 /* Services */,
				EAC1208C27F4242C00D239A8 /* Modules */,
				EAC1208D27F4243D00D239A8 /* Resources */,
			);
			path = EventMaker;
			sourceTree = "<group>";
		};
		EAC1208927F423EB00D239A8 /* Common */ = {
			isa = PBXGroup;
			children = (
				EA771689281086680050B972 /* Buttons */,
				EA77165F281081980050B972 /* Generated */,
				EA771685281086680050B972 /* Grid.swift */,
				EA771687281086680050B972 /* StyleUtils.swift */,
				EA4B618627FF898700810893 /* MDTextField.swift */,
			);
			path = Common;
			sourceTree = "<group>";
		};
		EAC1208A27F423FA00D239A8 /* MainFiles */ = {
			isa = PBXGroup;
			children = (
				EAC1208027F420A100D239A8 /* LaunchScreen.storyboard */,
				EAC1207527F4209F00D239A8 /* AppDelegate.swift */,
			);
			path = MainFiles;
			sourceTree = "<group>";
		};
		EAC1208B27F4242600D239A8 /* Services */ = {
			isa = PBXGroup;
			children = (
				EA4B617D27FF883100810893 /* URLPath.swift */,
				EA4B617627FF877F00810893 /* AuthService */,
			);
			path = Services;
			sourceTree = "<group>";
		};
		EAC1208C27F4242C00D239A8 /* Modules */ = {
			isa = PBXGroup;
			children = (
				EA4B617327FE351400810893 /* Authentication */,
			);
			path = Modules;
			sourceTree = "<group>";
		};
		EAC1208D27F4243D00D239A8 /* Resources */ = {
			isa = PBXGroup;
			children = (
				EAC1207E27F420A100D239A8 /* Assets.xcassets */,
				EA77166D281086510050B972 /* Localizable.strings */,
			);
			path = Resources;
			sourceTree = "<group>";
		};
/* End PBXGroup section */

/* Begin PBXNativeTarget section */
		EAC1207127F4209F00D239A8 /* EventMaker */ = {
			isa = PBXNativeTarget;
			buildConfigurationList = EAC1208627F420A100D239A8 /* Build configuration list for PBXNativeTarget "EventMaker" */;
			buildPhases = (
				56BE37BC6A578C0B151B91EA /* [CP] Check Pods Manifest.lock */,
				EAC1206E27F4209F00D239A8 /* Sources */,
				EAC1206F27F4209F00D239A8 /* Frameworks */,
				EAC1207027F4209F00D239A8 /* Resources */,
				2CC36E614F3F6B12ED4D0156 /* [CP] Embed Pods Frameworks */,
			);
			buildRules = (
			);
			dependencies = (
			);
			name = EventMaker;
			productName = EventMaker;
			productReference = EAC1207227F4209F00D239A8 /* EventMaker.app */;
			productType = "com.apple.product-type.application";
		};
/* End PBXNativeTarget section */

/* Begin PBXProject section */
		EAC1206A27F4209F00D239A8 /* Project object */ = {
			isa = PBXProject;
			attributes = {
				BuildIndependentTargetsInParallel = 1;
				LastSwiftUpdateCheck = 1320;
				LastUpgradeCheck = 1320;
				TargetAttributes = {
					EAC1207127F4209F00D239A8 = {
						CreatedOnToolsVersion = 13.2.1;
					};
				};
			};
			buildConfigurationList = EAC1206D27F4209F00D239A8 /* Build configuration list for PBXProject "EventMaker" */;
			compatibilityVersion = "Xcode 13.0";
			developmentRegion = en;
			hasScannedForEncodings = 0;
			knownRegions = (
				en,
				Base,
				ru,
			);
			mainGroup = EAC1206927F4209F00D239A8;
			productRefGroup = EAC1207327F4209F00D239A8 /* Products */;
			projectDirPath = "";
			projectRoot = "";
			targets = (
				EAC1207127F4209F00D239A8 /* EventMaker */,
			);
		};
/* End PBXProject section */

/* Begin PBXResourcesBuildPhase section */
		EAC1207027F4209F00D239A8 /* Resources */ = {
			isa = PBXResourcesBuildPhase;
			buildActionMask = 2147483647;
			files = (
				EAC1208227F420A100D239A8 /* LaunchScreen.storyboard in Resources */,
				EA77166B281086510050B972 /* Localizable.strings in Resources */,
				EAC1207F27F420A100D239A8 /* Assets.xcassets in Resources */,
				EA77165E281080BB0050B972 /* swiftgen.yml in Resources */,
				EA4B618527FF892800810893 /* SignInView.xib in Resources */,
			);
			runOnlyForDeploymentPostprocessing = 0;
		};
/* End PBXResourcesBuildPhase section */

/* Begin PBXShellScriptBuildPhase section */
		2CC36E614F3F6B12ED4D0156 /* [CP] Embed Pods Frameworks */ = {
			isa = PBXShellScriptBuildPhase;
			buildActionMask = 2147483647;
			files = (
			);
			inputFileListPaths = (
				"${PODS_ROOT}/Target Support Files/Pods-EventMaker/Pods-EventMaker-frameworks-${CONFIGURATION}-input-files.xcfilelist",
			);
			name = "[CP] Embed Pods Frameworks";
			outputFileListPaths = (
				"${PODS_ROOT}/Target Support Files/Pods-EventMaker/Pods-EventMaker-frameworks-${CONFIGURATION}-output-files.xcfilelist",
			);
			runOnlyForDeploymentPostprocessing = 0;
			shellPath = /bin/sh;
			shellScript = "\"${PODS_ROOT}/Target Support Files/Pods-EventMaker/Pods-EventMaker-frameworks.sh\"\n";
			showEnvVarsInLog = 0;
		};
		56BE37BC6A578C0B151B91EA /* [CP] Check Pods Manifest.lock */ = {
			isa = PBXShellScriptBuildPhase;
			buildActionMask = 2147483647;
			files = (
			);
			inputFileListPaths = (
			);
			inputPaths = (
				"${PODS_PODFILE_DIR_PATH}/Podfile.lock",
				"${PODS_ROOT}/Manifest.lock",
			);
			name = "[CP] Check Pods Manifest.lock";
			outputFileListPaths = (
			);
			outputPaths = (
				"$(DERIVED_FILE_DIR)/Pods-EventMaker-checkManifestLockResult.txt",
			);
			runOnlyForDeploymentPostprocessing = 0;
			shellPath = /bin/sh;
			shellScript = "diff \"${PODS_PODFILE_DIR_PATH}/Podfile.lock\" \"${PODS_ROOT}/Manifest.lock\" > /dev/null\nif [ $? != 0 ] ; then\n    # print error to STDERR\n    echo \"error: The sandbox is not in sync with the Podfile.lock. Run 'pod install' or update your CocoaPods installation.\" >&2\n    exit 1\nfi\n# This output is used by Xcode 'outputs' to avoid re-running this script phase.\necho \"SUCCESS\" > \"${SCRIPT_OUTPUT_FILE_0}\"\n";
			showEnvVarsInLog = 0;
		};
/* End PBXShellScriptBuildPhase section */

/* Begin PBXSourcesBuildPhase section */
		EAC1206E27F4209F00D239A8 /* Sources */ = {
			isa = PBXSourcesBuildPhase;
			buildActionMask = 2147483647;
			files = (
				EA77168D281086680050B972 /* ButtonSignIn.swift in Sources */,
				EA4B617A27FF87BA00810893 /* AuthService.swift in Sources */,
				EA771693281086680050B972 /* ButtonDefault.swift in Sources */,
				EA4B618027FF888D00810893 /* SignInController.swift in Sources */,
				EA771688281086680050B972 /* StyleUtils.swift in Sources */,
				EA771672281086680050B972 /* OnboardingModel.swift in Sources */,
				EA4B617527FF875600810893 /* Keys.swift in Sources */,
				EA4B617227FE34E600810893 /* SignInPresenter.swift in Sources */,
				EA4B617027FE34CC00810893 /* SignInProtocols.swift in Sources */,
				EA771684281086680050B972 /* StartView.swift in Sources */,
				EA4B618727FF898700810893 /* MDTextField.swift in Sources */,
				EAC1207A27F4209F00D239A8 /* OnboardingController.swift in Sources */,
				EA77168B281086680050B972 /* ButtonSignInWithEmail.swift in Sources */,
				EA771681281086680050B972 /* StartController.swift in Sources */,
				EA4B617C27FF87ED00810893 /* AuthServiceApi.swift in Sources */,
				EA77167D281086680050B972 /* StartProtocols.swift in Sources */,
				EA771675281086680050B972 /* SlidesDataSource.swift in Sources */,
				EA771677281086680050B972 /* OnboardingView.swift in Sources */,
				EA77168F281086680050B972 /* Text.swift in Sources */,
				EA4B618427FF892800810893 /* SignInView.swift in Sources */,
				EA771691281086680050B972 /* ButtonSecondary.swift in Sources */,
				EA4B617E27FF883100810893 /* URLPath.swift in Sources */,
				EAC1207627F4209F00D239A8 /* AppDelegate.swift in Sources */,
				EA7716662810826A0050B972 /* Assets.swift in Sources */,
				EA77167A281086680050B972 /* SlideCell.swift in Sources */,
				EA4B617827FF879A00810893 /* AuthModels.swift in Sources */,
				EA77167F281086680050B972 /* StartPresenter.swift in Sources */,
				EA771686281086680050B972 /* Grid.swift in Sources */,
			);
			runOnlyForDeploymentPostprocessing = 0;
		};
/* End PBXSourcesBuildPhase section */

/* Begin PBXVariantGroup section */
		EA77166D281086510050B972 /* Localizable.strings */ = {
			isa = PBXVariantGroup;
			children = (
				EA77166C281086510050B972 /* en */,
				EA77166F281086680050B972 /* ru */,
			);
			name = Localizable.strings;
			sourceTree = "<group>";
		};
		EAC1208027F420A100D239A8 /* LaunchScreen.storyboard */ = {
			isa = PBXVariantGroup;
			children = (
				EAC1208127F420A100D239A8 /* Base */,
				EA77166E281086680050B972 /* ru */,
			);
			name = LaunchScreen.storyboard;
			sourceTree = "<group>";
		};
/* End PBXVariantGroup section */

/* Begin XCBuildConfiguration section */
		EAC1208427F420A100D239A8 /* Debug */ = {
			isa = XCBuildConfiguration;
			buildSettings = {
				ALWAYS_SEARCH_USER_PATHS = NO;
				CLANG_ANALYZER_LOCALIZABILITY_NONLOCALIZED = YES;
				CLANG_ANALYZER_NONNULL = YES;
				CLANG_ANALYZER_NUMBER_OBJECT_CONVERSION = YES_AGGRESSIVE;
				CLANG_CXX_LANGUAGE_STANDARD = "gnu++17";
				CLANG_CXX_LIBRARY = "libc++";
				CLANG_ENABLE_MODULES = YES;
				CLANG_ENABLE_OBJC_ARC = YES;
				CLANG_ENABLE_OBJC_WEAK = YES;
				CLANG_WARN_BLOCK_CAPTURE_AUTORELEASING = YES;
				CLANG_WARN_BOOL_CONVERSION = YES;
				CLANG_WARN_COMMA = YES;
				CLANG_WARN_CONSTANT_CONVERSION = YES;
				CLANG_WARN_DEPRECATED_OBJC_IMPLEMENTATIONS = YES;
				CLANG_WARN_DIRECT_OBJC_ISA_USAGE = YES_ERROR;
				CLANG_WARN_DOCUMENTATION_COMMENTS = YES;
				CLANG_WARN_EMPTY_BODY = YES;
				CLANG_WARN_ENUM_CONVERSION = YES;
				CLANG_WARN_INFINITE_RECURSION = YES;
				CLANG_WARN_INT_CONVERSION = YES;
				CLANG_WARN_NON_LITERAL_NULL_CONVERSION = YES;
				CLANG_WARN_OBJC_IMPLICIT_RETAIN_SELF = YES;
				CLANG_WARN_OBJC_LITERAL_CONVERSION = YES;
				CLANG_WARN_OBJC_ROOT_CLASS = YES_ERROR;
				CLANG_WARN_QUOTED_INCLUDE_IN_FRAMEWORK_HEADER = YES;
				CLANG_WARN_RANGE_LOOP_ANALYSIS = YES;
				CLANG_WARN_STRICT_PROTOTYPES = YES;
				CLANG_WARN_SUSPICIOUS_MOVE = YES;
				CLANG_WARN_UNGUARDED_AVAILABILITY = YES_AGGRESSIVE;
				CLANG_WARN_UNREACHABLE_CODE = YES;
				CLANG_WARN__DUPLICATE_METHOD_MATCH = YES;
				COPY_PHASE_STRIP = NO;
				DEBUG_INFORMATION_FORMAT = dwarf;
				ENABLE_STRICT_OBJC_MSGSEND = YES;
				ENABLE_TESTABILITY = YES;
				GCC_C_LANGUAGE_STANDARD = gnu11;
				GCC_DYNAMIC_NO_PIC = NO;
				GCC_NO_COMMON_BLOCKS = YES;
				GCC_OPTIMIZATION_LEVEL = 0;
				GCC_PREPROCESSOR_DEFINITIONS = (
					"DEBUG=1",
					"$(inherited)",
				);
				GCC_WARN_64_TO_32_BIT_CONVERSION = YES;
				GCC_WARN_ABOUT_RETURN_TYPE = YES_ERROR;
				GCC_WARN_UNDECLARED_SELECTOR = YES;
				GCC_WARN_UNINITIALIZED_AUTOS = YES_AGGRESSIVE;
				GCC_WARN_UNUSED_FUNCTION = YES;
				GCC_WARN_UNUSED_VARIABLE = YES;
				IPHONEOS_DEPLOYMENT_TARGET = 11.0;
				MTL_ENABLE_DEBUG_INFO = INCLUDE_SOURCE;
				MTL_FAST_MATH = YES;
				ONLY_ACTIVE_ARCH = YES;
				SDKROOT = iphoneos;
				SWIFT_ACTIVE_COMPILATION_CONDITIONS = DEBUG;
				SWIFT_OPTIMIZATION_LEVEL = "-Onone";
			};
			name = Debug;
		};
		EAC1208527F420A100D239A8 /* Release */ = {
			isa = XCBuildConfiguration;
			buildSettings = {
				ALWAYS_SEARCH_USER_PATHS = NO;
				CLANG_ANALYZER_LOCALIZABILITY_NONLOCALIZED = YES;
				CLANG_ANALYZER_NONNULL = YES;
				CLANG_ANALYZER_NUMBER_OBJECT_CONVERSION = YES_AGGRESSIVE;
				CLANG_CXX_LANGUAGE_STANDARD = "gnu++17";
				CLANG_CXX_LIBRARY = "libc++";
				CLANG_ENABLE_MODULES = YES;
				CLANG_ENABLE_OBJC_ARC = YES;
				CLANG_ENABLE_OBJC_WEAK = YES;
				CLANG_WARN_BLOCK_CAPTURE_AUTORELEASING = YES;
				CLANG_WARN_BOOL_CONVERSION = YES;
				CLANG_WARN_COMMA = YES;
				CLANG_WARN_CONSTANT_CONVERSION = YES;
				CLANG_WARN_DEPRECATED_OBJC_IMPLEMENTATIONS = YES;
				CLANG_WARN_DIRECT_OBJC_ISA_USAGE = YES_ERROR;
				CLANG_WARN_DOCUMENTATION_COMMENTS = YES;
				CLANG_WARN_EMPTY_BODY = YES;
				CLANG_WARN_ENUM_CONVERSION = YES;
				CLANG_WARN_INFINITE_RECURSION = YES;
				CLANG_WARN_INT_CONVERSION = YES;
				CLANG_WARN_NON_LITERAL_NULL_CONVERSION = YES;
				CLANG_WARN_OBJC_IMPLICIT_RETAIN_SELF = YES;
				CLANG_WARN_OBJC_LITERAL_CONVERSION = YES;
				CLANG_WARN_OBJC_ROOT_CLASS = YES_ERROR;
				CLANG_WARN_QUOTED_INCLUDE_IN_FRAMEWORK_HEADER = YES;
				CLANG_WARN_RANGE_LOOP_ANALYSIS = YES;
				CLANG_WARN_STRICT_PROTOTYPES = YES;
				CLANG_WARN_SUSPICIOUS_MOVE = YES;
				CLANG_WARN_UNGUARDED_AVAILABILITY = YES_AGGRESSIVE;
				CLANG_WARN_UNREACHABLE_CODE = YES;
				CLANG_WARN__DUPLICATE_METHOD_MATCH = YES;
				COPY_PHASE_STRIP = NO;
				DEBUG_INFORMATION_FORMAT = "dwarf-with-dsym";
				ENABLE_NS_ASSERTIONS = NO;
				ENABLE_STRICT_OBJC_MSGSEND = YES;
				GCC_C_LANGUAGE_STANDARD = gnu11;
				GCC_NO_COMMON_BLOCKS = YES;
				GCC_WARN_64_TO_32_BIT_CONVERSION = YES;
				GCC_WARN_ABOUT_RETURN_TYPE = YES_ERROR;
				GCC_WARN_UNDECLARED_SELECTOR = YES;
				GCC_WARN_UNINITIALIZED_AUTOS = YES_AGGRESSIVE;
				GCC_WARN_UNUSED_FUNCTION = YES;
				GCC_WARN_UNUSED_VARIABLE = YES;
				IPHONEOS_DEPLOYMENT_TARGET = 11.0;
				MTL_ENABLE_DEBUG_INFO = NO;
				MTL_FAST_MATH = YES;
				SDKROOT = iphoneos;
				SWIFT_COMPILATION_MODE = wholemodule;
				SWIFT_OPTIMIZATION_LEVEL = "-O";
				VALIDATE_PRODUCT = YES;
			};
			name = Release;
		};
		EAC1208727F420A100D239A8 /* Debug */ = {
			isa = XCBuildConfiguration;
			baseConfigurationReference = F3D14608019A6045D9AA9E64 /* Pods-EventMaker.debug.xcconfig */;
			buildSettings = {
				ASSETCATALOG_COMPILER_APPICON_NAME = AppIcon;
				ASSETCATALOG_COMPILER_GLOBAL_ACCENT_COLOR_NAME = AccentColor;
				CODE_SIGN_STYLE = Automatic;
				CURRENT_PROJECT_VERSION = 1;
				DEVELOPMENT_TEAM = 78U6FZ3GMX;
				GENERATE_INFOPLIST_FILE = YES;
				INFOPLIST_FILE = EventMaker/Info.plist;
				INFOPLIST_KEY_UIApplicationSupportsIndirectInputEvents = YES;
				INFOPLIST_KEY_UILaunchStoryboardName = LaunchScreen;
				INFOPLIST_KEY_UIMainStoryboardFile = Main;
				INFOPLIST_KEY_UISupportedInterfaceOrientations_iPad = "UIInterfaceOrientationPortrait UIInterfaceOrientationPortraitUpsideDown UIInterfaceOrientationLandscapeLeft UIInterfaceOrientationLandscapeRight";
				INFOPLIST_KEY_UISupportedInterfaceOrientations_iPhone = "UIInterfaceOrientationPortrait UIInterfaceOrientationLandscapeLeft UIInterfaceOrientationLandscapeRight";
				LD_RUNPATH_SEARCH_PATHS = (
					"$(inherited)",
					"@executable_path/Frameworks",
				);
				MARKETING_VERSION = 1.0;
				PRODUCT_BUNDLE_IDENTIFIER = "com.Oleg-Romanov.EventMaker";
				PRODUCT_NAME = "$(TARGET_NAME)";
				SWIFT_EMIT_LOC_STRINGS = YES;
				SWIFT_VERSION = 5.0;
				TARGETED_DEVICE_FAMILY = "1,2";
			};
			name = Debug;
		};
		EAC1208827F420A100D239A8 /* Release */ = {
			isa = XCBuildConfiguration;
			baseConfigurationReference = CE58282FEE94EA4E5C9AFC9F /* Pods-EventMaker.release.xcconfig */;
			buildSettings = {
				ASSETCATALOG_COMPILER_APPICON_NAME = AppIcon;
				ASSETCATALOG_COMPILER_GLOBAL_ACCENT_COLOR_NAME = AccentColor;
				CODE_SIGN_STYLE = Automatic;
				CURRENT_PROJECT_VERSION = 1;
				DEVELOPMENT_TEAM = 78U6FZ3GMX;
				GENERATE_INFOPLIST_FILE = YES;
				INFOPLIST_FILE = EventMaker/Info.plist;
				INFOPLIST_KEY_UIApplicationSupportsIndirectInputEvents = YES;
				INFOPLIST_KEY_UILaunchStoryboardName = LaunchScreen;
				INFOPLIST_KEY_UIMainStoryboardFile = Main;
				INFOPLIST_KEY_UISupportedInterfaceOrientations_iPad = "UIInterfaceOrientationPortrait UIInterfaceOrientationPortraitUpsideDown UIInterfaceOrientationLandscapeLeft UIInterfaceOrientationLandscapeRight";
				INFOPLIST_KEY_UISupportedInterfaceOrientations_iPhone = "UIInterfaceOrientationPortrait UIInterfaceOrientationLandscapeLeft UIInterfaceOrientationLandscapeRight";
				LD_RUNPATH_SEARCH_PATHS = (
					"$(inherited)",
					"@executable_path/Frameworks",
				);
				MARKETING_VERSION = 1.0;
				PRODUCT_BUNDLE_IDENTIFIER = "com.Oleg-Romanov.EventMaker";
				PRODUCT_NAME = "$(TARGET_NAME)";
				SWIFT_EMIT_LOC_STRINGS = YES;
				SWIFT_VERSION = 5.0;
				TARGETED_DEVICE_FAMILY = "1,2";
			};
			name = Release;
		};
/* End XCBuildConfiguration section */

/* Begin XCConfigurationList section */
		EAC1206D27F4209F00D239A8 /* Build configuration list for PBXProject "EventMaker" */ = {
			isa = XCConfigurationList;
			buildConfigurations = (
				EAC1208427F420A100D239A8 /* Debug */,
				EAC1208527F420A100D239A8 /* Release */,
			);
			defaultConfigurationIsVisible = 0;
			defaultConfigurationName = Release;
		};
		EAC1208627F420A100D239A8 /* Build configuration list for PBXNativeTarget "EventMaker" */ = {
			isa = XCConfigurationList;
			buildConfigurations = (
				EAC1208727F420A100D239A8 /* Debug */,
				EAC1208827F420A100D239A8 /* Release */,
			);
			defaultConfigurationIsVisible = 0;
			defaultConfigurationName = Release;
		};
/* End XCConfigurationList section */
	};
	rootObject = EAC1206A27F4209F00D239A8 /* Project object */;
}
